{
    "_readme": [
        "This file locks the dependencies of your project to a known state",
        "Read more about it at https://getcomposer.org/doc/01-basic-usage.md#installing-dependencies",
        "This file is @generated automatically"
    ],
    "content-hash": "546acf01f41fb0a26d6e1bc7ddea09ee",
    "packages": [
        {
            "name": "viames/pair",
            "version": "1.6.1",
            "source": {
                "type": "git",
                "url": "https://github.com/Viames/Pair.git",
                "reference": "98e25a9d0de06364fa63d2889434afe387312cf2"
            },
            "dist": {
                "type": "zip",
                "url": "https://api.github.com/repos/Viames/Pair/zipball/98e25a9d0de06364fa63d2889434afe387312cf2",
                "reference": "98e25a9d0de06364fa63d2889434afe387312cf2",
                "shasum": ""
            },
            "require": {
                "ext-pdo": "*",
                "php": ">=7"
            },
            "suggest": {
                "ext-xdebug": "*"
            },
            "type": "library",
            "autoload": {
                "classmap": [
                    "src"
                ],
                "psr-4": {
                    "Viames\\Pair\\": ""
                }
            },
            "notification-url": "https://packagist.org/downloads/",
            "license": [
                "MIT"
            ],
            "authors": [
                {
                    "name": "Viames Marino",
                    "role": "Developer",
                    "homepage": "https://www.viames.it"
                }
            ],
            "description": "lightweight PHP framework as the air",
            "homepage": "https://viames.github.io/Pair/",
            "keywords": [
                "active-record",
                "framework",
                "multilingual",
                "pagination",
                "pair",
                "php",
                "plugin-system",
                "rest-api",
                "router"
            ],
            "time": "2019-07-23T11:47:38+00:00"
        }
    ],
    "packages-dev": [],
    "aliases": [],
    "minimum-stability": "stable",
    "stability-flags": [],
    "prefer-stable": false,
    "prefer-lowest": false,
    "platform": {
        "php": ">=7",
        "ext-pdo": "*"
    },
    "platform-dev": []
}
