{
    "_readme": [
        "This file locks the dependencies of your project to a known state",
        "Read more about it at https://getcomposer.org/doc/01-basic-usage.md#composer-lock-the-lock-file",
        "This file is @generated automatically"
    ],
    "content-hash": "dfa413077476601e627d0b9c1c1b38e1",
    "packages": [
        {
            "name": "viames/pair",
            "version": "dev-master",
            "source": {
                "type": "git",
                "url": "https://github.com/Viames/Pair.git",
                "reference": "057939ef3029c4f46411d0ccdfcd2bbfe8397320"
            },
            "dist": {
                "type": "zip",
                "url": "https://api.github.com/repos/Viames/Pair/zipball/057939ef3029c4f46411d0ccdfcd2bbfe8397320",
                "reference": "057939ef3029c4f46411d0ccdfcd2bbfe8397320",
                "shasum": ""
            },
            "require": {
                "ext-pdo": "*",
                "php": ">=5.6"
            },
            "suggest": {
                "ext-xdebug": "*"
            },
            "type": "library",
            "autoload": {
                "classmap": [
                    "src"
                ],
                "psr-4": {
                    "Viames\\Pair\\": ""
                }
            },
            "notification-url": "https://packagist.org/downloads/",
            "license": [
                "MIT"
            ],
            "authors": [
                {
                    "name": "Viames Marino",
                    "homepage": "https://www.viames.it",
                    "role": "Developer"
                }
            ],
            "description": "lightweight PHP framework as the air",
            "homepage": "https://github.com/Viames/Pair",
            "keywords": [
                "active-record",
                "framework",
                "multilingual",
                "pagination",
                "pair",
                "php",
                "plugin-system",
                "rest-api",
                "router"
            ],
            "time": "2018-02-06T14:14:52+00:00"
        }
    ],
    "packages-dev": [],
    "aliases": [],
    "minimum-stability": "dev",
    "stability-flags": [],
    "prefer-stable": false,
    "prefer-lowest": false,
    "platform": {
        "php": ">=5.6",
        "ext-pdo": "*"
    },
    "platform-dev": []
}
